<?xml version="1.0" encoding="utf-8"?>
<Project ToolsVersion="4.0" xmlns="http://schemas.microsoft.com/developer/msbuild/2003">
  <ItemGroup>
    <Filter Include="源文件">
      <UniqueIdentifier>{4FC737F1-C7A5-4376-A066-2A32D752A2FF}</UniqueIdentifier>
      <Extensions>cpp;c;cc;cxx;def;odl;idl;hpj;bat;asm;asmx</Extensions>
    </Filter>
    <Filter Include="头文件">
      <UniqueIdentifier>{93995380-89BD-4b04-88EB-625FBE52EBFB}</UniqueIdentifier>
      <Extensions>h;hh;hpp;hxx;hm;inl;inc;ipp;xsd</Extensions>
    </Filter>
    <Filter Include="资源文件">
      <UniqueIdentifier>{67DA6AB6-F800-4c08-8B7A-83BB121AAD01}</UniqueIdentifier>
      <Extensions>rc;ico;cur;bmp;dlg;rc2;rct;bin;rgs;gif;jpg;jpeg;jpe;resx;tiff;tif;png;wav;mfcribbon-ms</Extensions>
    </Filter>
  </ItemGroup>
  <ItemGroup>
    <ClCompile Include="1_02图像腐蚀.cpp">
      <Filter>源文件</Filter>
    </ClCompile>
    <ClCompile Include="1_01图片载入.cpp">
      <Filter>源文件</Filter>
    </ClCompile>
    <ClCompile Include="1_03图像模糊.cpp">
      <Filter>源文件</Filter>
    </ClCompile>
    <ClCompile Include="1_04canny.cpp">
      <Filter>源文件</Filter>
    </ClCompile>
    <ClCompile Include="1_05读取视频.cpp">
      <Filter>源文件</Filter>
    </ClCompile>
    <ClCompile Include="1_06视频Canny.cpp">
      <Filter>源文件</Filter>
    </ClCompile>
    <ClCompile Include="2_1sampleImageSequence.cpp">
      <Filter>源文件</Filter>
    </ClCompile>
    <ClCompile Include="2_2Camshift.cpp">
      <Filter>源文件</Filter>
    </ClCompile>
    <ClCompile Include="2_3objectDetection.cpp">
      <Filter>源文件</Filter>
    </ClCompile>
    <ClCompile Include="00LicensePlateRecognition.cpp">
      <Filter>源文件</Filter>
    </ClCompile>
    <ClCompile Include="4_01MAT数据.cpp">
      <Filter>源文件</Filter>
    </ClCompile>
    <ClCompile Include="4_02转换颜色.cpp">
      <Filter>源文件</Filter>
    </ClCompile>
    <ClCompile Include="5_01访问图像像素.cpp">
      <Filter>源文件</Filter>
    </ClCompile>
    <ClCompile Include="5_02ROI区域图像叠加.cpp">
      <Filter>源文件</Filter>
    </ClCompile>
    <ClCompile Include="5_03addWeighted.cpp">
      <Filter>源文件</Filter>
    </ClCompile>
    <ClCompile Include="5_04对比度、亮度调节.cpp">
      <Filter>源文件</Filter>
    </ClCompile>
    <ClCompile Include="01LicensePlateRecoginitioncpp.cpp">
      <Filter>源文件</Filter>
    </ClCompile>
    <ClCompile Include="5_05DFT离散傅里叶变换.cpp">
      <Filter>源文件</Filter>
    </ClCompile>
    <ClCompile Include="5_06XML写入-YAML.cpp">
      <Filter>源文件</Filter>
    </ClCompile>
    <ClCompile Include="5_07XML读取-YAML.cpp">
      <Filter>源文件</Filter>
    </ClCompile>
    <ClCompile Include="6_01滤波-MeanBlur-Gaussian-boxBlur.cpp">
      <Filter>源文件</Filter>
    </ClCompile>
  </ItemGroup>
  <ItemGroup>
    <ClInclude Include="resource.h">
      <Filter>头文件</Filter>
    </ClInclude>
  </ItemGroup>
</Project>